// !$*UTF8*$!
{
	archiveVersion = 1;
	classes = {
	};
	objectVersion = 46;
	objects = {

/* Begin PBXBuildFile section */
		A1F91E09202A9474007A7F74 /* AppDelegate.swift in Sources */ = {isa = PBXBuildFile; fileRef = A1F91E08202A9474007A7F74 /* AppDelegate.swift */; };
		A1F91E0B202A9474007A7F74 /* ViewController.swift in Sources */ = {isa = PBXBuildFile; fileRef = A1F91E0A202A9474007A7F74 /* ViewController.swift */; };
		A1F91E0E202A9474007A7F74 /* Main.storyboard in Resources */ = {isa = PBXBuildFile; fileRef = A1F91E0C202A9474007A7F74 /* Main.storyboard */; };
		A1F91E10202A9474007A7F74 /* Assets.xcassets in Resources */ = {isa = PBXBuildFile; fileRef = A1F91E0F202A9474007A7F74 /* Assets.xcassets */; };
		A1F91E13202A9474007A7F74 /* LaunchScreen.storyboard in Resources */ = {isa = PBXBuildFile; fileRef = A1F91E11202A9474007A7F74 /* LaunchScreen.storyboard */; };
/* End PBXBuildFile section */

/* Begin PBXFileReference section */
		A1F91E05202A9474007A7F74 /* Card.app */ = {isa = PBXFileReference; explicitFileType = wrapper.application; includeInIndex = 0; path = Card.app; sourceTree = BUILT_PRODUCTS_DIR; };
		A1F91E08202A9474007A7F74 /* AppDelegate.swift */ = {isa = PBXFileReference; lastKnownFileType = sourcecode.swift; path = AppDelegate.swift; sourceTree = "<group>"; };
		A1F91E0A202A9474007A7F74 /* ViewController.swift */ = {isa = PBXFileReference; lastKnownFileType = sourcecode.swift; path = ViewController.swift; sourceTree = "<group>"; };
		A1F91E0D202A9474007A7F74 /* Base */ = {isa = PBXFileReference; lastKnownFileType = file.storyboard; name = Base; path = Base.lproj/Main.storyboard; sourceTree = "<group>"; };
		A1F91E0F202A9474007A7F74 /* Assets.xcassets */ = {isa = PBXFileReference; lastKnownFileType = folder.assetcatalog; path = Assets.xcassets; sourceTree = "<group>"; };
		A1F91E12202A9474007A7F74 /* Base */ = {isa = PBXFileReference; lastKnownFileType = file.storyboard; name = Base; path = Base.lproj/LaunchScreen.storyboard; sourceTree = "<group>"; };
		A1F91E14202A9474007A7F74 /* Info.plist */ = {isa = PBXFileReference; lastKnownFileType = text.plist.xml; path = Info.plist; sourceTree = "<group>"; };
/* End PBXFileReference section */

/* Begin PBXFrameworksBuildPhase section */
		A1F91E02202A9474007A7F74 /* Frameworks */ = {
			isa = PBXFrameworksBuildPhase;
			buildActionMask = 2147483647;
			files = (
			);
			runOnlyForDeploymentPostprocessing = 0;
		};
/* End PBXFrameworksBuildPhase section */

/* Begin PBXGroup section */
		A1F91DFC202A9474007A7F74 = {
			isa = PBXGroup;
			children = (
				A1F91E07202A9474007A7F74 /* Card */,
				A1F91E06202A9474007A7F74 /* Products */,
			);
			sourceTree = "<group>";
		};
		A1F91E06202A9474007A7F74 /* Products */ = {
			isa = PBXGroup;
			children = (
				A1F91E05202A9474007A7F74 /* Card.app */,
			);
			name = Products;
			sourceTree = "<group>";
		};
		A1F91E07202A9474007A7F74 /* Card */ = {
			isa = PBXGroup;
			children = (
				A1F91E08202A9474007A7F74 /* AppDelegate.swift */,
				A1F91E14202A9474007A7F74 /* Info.plist */,
				A1F91E0A202A9474007A7F74 /* ViewController.swift */,
				A1F91E0C202A9474007A7F74 /* Main.storyboard */,
				A1F91E1A202A95E3007A7F74 /* Support files */,
			);
			path = Card;
			sourceTree = "<group>";
		};
		A1F91E1A202A95E3007A7F74 /* Support files */ = {
			isa = PBXGroup;
			children = (
				A1F91E0F202A9474007A7F74 /* Assets.xcassets */,
				A1F91E11202A9474007A7F74 /* LaunchScreen.storyboard */,
			);
			name = "Support files";
			sourceTree = "<group>";
		};
/* End PBXGroup section */

/* Begin PBXNativeTarget section */
		A1F91E04202A9474007A7F74 /* Card */ = {
			isa = PBXNativeTarget;
			buildConfigurationList = A1F91E17202A9474007A7F74 /* Build configuration list for PBXNativeTarget "Card" */;
			buildPhases = (
				A1F91E01202A9474007A7F74 /* Sources */,
				A1F91E02202A9474007A7F74 /* Frameworks */,
				A1F91E03202A9474007A7F74 /* Resources */,
			);
			buildRules = (
			);
			dependencies = (
			);
			name = Card;
			productName = Card;
			productReference = A1F91E05202A9474007A7F74 /* Card.app */;
			productType = "com.apple.product-type.application";
		};
/* End PBXNativeTarget section */

/* Begin PBXProject section */
		A1F91DFD202A9474007A7F74 /* Project object */ = {
			isa = PBXProject;
			attributes = {
				LastSwiftUpdateCheck = 0830;
				LastUpgradeCheck = 0830;
				ORGANIZATIONNAME = "刘强";
				TargetAttributes = {
					A1F91E04202A9474007A7F74 = {
						CreatedOnToolsVersion = 8.3.3;
						ProvisioningStyle = Automatic;
					};
				};
			};
			buildConfigurationList = A1F91E00202A9474007A7F74 /* Build configuration list for PBXProject "Card" */;
			compatibilityVersion = "Xcode 3.2";
			developmentRegion = English;
			hasScannedForEncodings = 0;
			knownRegions = (
				en,
				Base,
			);
			mainGroup = A1F91DFC202A9474007A7F74;
			productRefGroup = A1F91E06202A9474007A7F74 /* Products */;
			projectDirPath = "";
			projectRoot = "";
			targets = (
				A1F91E04202A9474007A7F74 /* Card */,
			);
		};
/* End PBXProject section */

/* Begin PBXResourcesBuildPhase section */
		A1F91E03202A9474007A7F74 /* Resources */ = {
			isa = PBXResourcesBuildPhase;
			buildActionMask = 2147483647;
			files = (
				A1F91E13202A9474007A7F74 /* LaunchScreen.storyboard in Resources */,
				A1F91E10202A9474007A7F74 /* Assets.xcassets in Resources */,
				A1F91E0E202A9474007A7F74 /* Main.storyboard in Resources */,
			);
			runOnlyForDeploymentPostprocessing = 0;
		};
/* End PBXResourcesBuildPhase section */

/* Begin PBXSourcesBuildPhase section */
		A1F91E01202A9474007A7F74 /* Sources */ = {
			isa = PBXSourcesBuildPhase;
			buildActionMask = 2147483647;
			files = (
				A1F91E0B202A9474007A7F74 /* ViewController.swift in Sources */,
				A1F91E09202A9474007A7F74 /* AppDelegate.swift in Sources */,
			);
			runOnlyForDeploymentPostprocessing = 0;
		};
/* End PBXSourcesBuildPhase section */

/* Begin PBXVariantGroup section */
		A1F91E0C202A9474007A7F74 /* Main.storyboard */ = {
			isa = PBXVariantGroup;
			children = (
				A1F91E0D202A9474007A7F74 /* Base */,
			);
			name = Main.storyboard;
			sourceTree = "<group>";
		};
		A1F91E11202A9474007A7F74 /* LaunchScreen.storyboard */ = {
			isa = PBXVariantGroup;
			children = (
				A1F91E12202A9474007A7F74 /* Base */,
			);
			name = LaunchScreen.storyboard;
			sourceTree = "<group>";
		};
/* End PBXVariantGroup section */

/* Begin XCBuildConfiguration section */
		A1F91E15202A9474007A7F74 /* Debug */ = {
			isa = XCBuildConfiguration;
			buildSettings = {
				ALWAYS_SEARCH_USER_PATHS = NO;
				CLANG_ANALYZER_NONNULL = YES;
				CLANG_ANALYZER_NUMBER_OBJECT_CONVERSION = YES_AGGRESSIVE;
				CLANG_CXX_LANGUAGE_STANDARD = "gnu++0x";
				CLANG_CXX_LIBRARY = "libc++";
				CLANG_ENABLE_MODULES = YES;
				CLANG_ENABLE_OBJC_ARC = YES;
				CLANG_WARN_BOOL_CONVERSION = YES;
				CLANG_WARN_CONSTANT_CONVERSION = YES;
				CLANG_WARN_DIRECT_OBJC_ISA_USAGE = YES_ERROR;
				CLANG_WARN_DOCUMENTATION_COMMENTS = YES;
				CLANG_WARN_EMPTY_BODY = YES;
				CLANG_WARN_ENUM_CONVERSION = YES;
				CLANG_WARN_INFINITE_RECURSION = YES;
				CLANG_WARN_INT_CONVERSION = YES;
				CLANG_WARN_OBJC_ROOT_CLASS = YES_ERROR;
				CLANG_WARN_SUSPICIOUS_MOVE = YES;
				CLANG_WARN_UNREACHABLE_CODE = YES;
				CLANG_WARN__DUPLICATE_METHOD_MATCH = YES;
				"CODE_SIGN_IDENTITY[sdk=iphoneos*]" = "iPhone Developer";
				COPY_PHASE_STRIP = NO;
				DEBUG_INFORMATION_FORMAT = dwarf;
				ENABLE_STRICT_OBJC_MSGSEND = YES;
				ENABLE_TESTABILITY = YES;
				GCC_C_LANGUAGE_STANDARD = gnu99;
				GCC_DYNAMIC_NO_PIC = NO;
				GCC_NO_COMMON_BLOCKS = YES;
				GCC_OPTIMIZATION_LEVEL = 0;
				GCC_PREPROCESSOR_DEFINITIONS = (
					"DEBUG=1",
					"$(inherited)",
				);
				GCC_WARN_64_TO_32_BIT_CONVERSION = YES;
				GCC_WARN_ABOUT_RETURN_TYPE = YES_ERROR;
				GCC_WARN_UNDECLARED_SELECTOR = YES;
				GCC_WARN_UNINITIALIZED_AUTOS = YES_AGGRESSIVE;
				GCC_WARN_UNUSED_FUNCTION = YES;
				GCC_WARN_UNUSED_VARIABLE = YES;
				IPHONEOS_DEPLOYMENT_TARGET = 10.3;
				MTL_ENABLE_DEBUG_INFO = YES;
				ONLY_ACTIVE_ARCH = YES;
				SDKROOT = iphoneos;
				SWIFT_ACTIVE_COMPILATION_CONDITIONS = DEBUG;
				SWIFT_OPTIMIZATION_LEVEL = "-Onone";
				TARGETED_DEVICE_FAMILY = "1,2";
			};
			name = Debug;
		};
		A1F91E16202A9474007A7F74 /* Release */ = {
			isa = XCBuildConfiguration;
			buildSettings = {
				ALWAYS_SEARCH_USER_PATHS = NO;
				CLANG_ANALYZER_NONNULL = YES;
				CLANG_ANALYZER_NUMBER_OBJECT_CONVERSION = YES_AGGRESSIVE;
				CLANG_CXX_LANGUAGE_STANDARD = "gnu++0x";
				CLANG_CXX_LIBRARY = "libc++";
				CLANG_ENABLE_MODULES = YES;
				CLANG_ENABLE_OBJC_ARC = YES;
				CLANG_WARN_BOOL_CONVERSION = YES;
				CLANG_WARN_CONSTANT_CONVERSION = YES;
				CLANG_WARN_DIRECT_OBJC_ISA_USAGE = YES_ERROR;
				CLANG_WARN_DOCUMENTATION_COMMENTS = YES;
				CLANG_WARN_EMPTY_BODY = YES;
				CLANG_WARN_ENUM_CONVERSION = YES;
				CLANG_WARN_INFINITE_RECURSION = YES;
				CLANG_WARN_INT_CONVERSION = YES;
				CLANG_WARN_OBJC_ROOT_CLASS = YES_ERROR;
				CLANG_WARN_SUSPICIOUS_MOVE = YES;
				CLANG_WARN_UNREACHABLE_CODE = YES;
				CLANG_WARN__DUPLICATE_METHOD_MATCH = YES;
				"CODE_SIGN_IDENTITY[sdk=iphoneos*]" = "iPhone Developer";
				COPY_PHASE_STRIP = NO;
				DEBUG_INFORMATION_FORMAT = "dwarf-with-dsym";
				ENABLE_NS_ASSERTIONS = NO;
				ENABLE_STRICT_OBJC_MSGSEND = YES;
				GCC_C_LANGUAGE_STANDARD = gnu99;
				GCC_NO_COMMON_BLOCKS = YES;
				GCC_WARN_64_TO_32_BIT_CONVERSION = YES;
				GCC_WARN_ABOUT_RETURN_TYPE = YES_ERROR;
				GCC_WARN_UNDECLARED_SELECTOR = YES;
				GCC_WARN_UNINITIALIZED_AUTOS = YES_AGGRESSIVE;
				GCC_WARN_UNUSED_FUNCTION = YES;
				GCC_WARN_UNUSED_VARIABLE = YES;
				IPHONEOS_DEPLOYMENT_TARGET = 10.3;
				MTL_ENABLE_DEBUG_INFO = NO;
				SDKROOT = iphoneos;
				SWIFT_OPTIMIZATION_LEVEL = "-Owholemodule";
				TARGETED_DEVICE_FAMILY = "1,2";
				VALIDATE_PRODUCT = YES;
			};
			name = Release;
		};
		A1F91E18202A9474007A7F74 /* Debug */ = {
			isa = XCBuildConfiguration;
			buildSettings = {
				ASSETCATALOG_COMPILER_APPICON_NAME = AppIcon;
				INFOPLIST_FILE = Card/Info.plist;
				LD_RUNPATH_SEARCH_PATHS = "$(inherited) @executable_path/Frameworks";
				PRODUCT_BUNDLE_IDENTIFIER = home.Card;
				PRODUCT_NAME = "$(TARGET_NAME)";
				SWIFT_VERSION = 3.0;
			};
			name = Debug;
		};
		A1F91E19202A9474007A7F74 /* Release */ = {
			isa = XCBuildConfiguration;
			buildSettings = {
				ASSETCATALOG_COMPILER_APPICON_NAME = AppIcon;
				INFOPLIST_FILE = Card/Info.plist;
				LD_RUNPATH_SEARCH_PATHS = "$(inherited) @executable_path/Frameworks";
				PRODUCT_BUNDLE_IDENTIFIER = home.Card;
				PRODUCT_NAME = "$(TARGET_NAME)";
				SWIFT_VERSION = 3.0;
			};
			name = Release;
		};
/* End XCBuildConfiguration section */

/* Begin XCConfigurationList section */
		A1F91E00202A9474007A7F74 /* Build configuration list for PBXProject "Card" */ = {
			isa = XCConfigurationList;
			buildConfigurations = (
				A1F91E15202A9474007A7F74 /* Debug */,
				A1F91E16202A9474007A7F74 /* Release */,
			);
			defaultConfigurationIsVisible = 0;
			defaultConfigurationName = Release;
		};
		A1F91E17202A9474007A7F74 /* Build configuration list for PBXNativeTarget "Card" */ = {
			isa = XCConfigurationList;
			buildConfigurations = (
				A1F91E18202A9474007A7F74 /* Debug */,
				A1F91E19202A9474007A7F74 /* Release */,
			);
			defaultConfigurationIsVisible = 0;
		};
/* End XCConfigurationList section */
	};
	rootObject = A1F91DFD202A9474007A7F74 /* Project object */;
}
